{
  "lockfileVersion": 1,
  "workspaces": {
    "": {
      "devDependencies": {
        "@biomejs/biome": "^1.9.4",
      },
    },
    "client": {
      "name": "chat-client",
      "dependencies": {
        "@fortawesome/fontawesome-svg-core": "^6.7.2",
        "@fortawesome/free-solid-svg-icons": "^6.7.2",
        "js-base64": "^3.7.7",
        "normalize.css": "^8.0.1",
        "react": "^19.0.0",
        "react-dom": "^19.0.0",
        "react-redux": "^9.2.0",
        "reconnectingwebsocket": "^1.0.0",
        "redux": "^5.0.1",
        "uuid": "^11.1.0",
      },
      "devDependencies": {
        "@rsbuild/core": "^1.2.18",
        "@types/react": "^19.0.10",
        "@types/react-dom": "^19.0.4",
        "@types/react-redux": "^7.1.34",
        "@types/reconnectingwebsocket": "^1.0.10",
        "@types/uuid": "^10.0.0",
        "typescript": "^5.8.2",
      },
    },
    "server": {
      "name": "chat-server",
      "dependencies": {
        "@elysiajs/static": "^1.2.0",
        "elysia": "^1.2.25",
      },
    },
  },
  "packages": {
    "@babel/runtime": ["@babel/runtime@7.27.0", "", { "dependencies": { "regenerator-runtime": "^0.14.0" } }, "sha512-VtPOkrdPHZsKc/clNqyi9WUA8TINkZ4cGk63UUE3u4pmB2k+ZMQRDuIOagv8UVd6j7k0T3+RRIb7beKTebNbcw=="],

    "@biomejs/biome": ["@biomejs/biome@1.9.4", "", { "optionalDependencies": { "@biomejs/cli-darwin-arm64": "1.9.4", "@biomejs/cli-darwin-x64": "1.9.4", "@biomejs/cli-linux-arm64": "1.9.4", "@biomejs/cli-linux-arm64-musl": "1.9.4", "@biomejs/cli-linux-x64": "1.9.4", "@biomejs/cli-linux-x64-musl": "1.9.4", "@biomejs/cli-win32-arm64": "1.9.4", "@biomejs/cli-win32-x64": "1.9.4" }, "bin": { "biome": "bin/biome" } }, "sha512-1rkd7G70+o9KkTn5KLmDYXihGoTaIGO9PIIN2ZB7UJxFrWw04CZHPYiMRjYsaDvVV7hP1dYNRLxSANLaBFGpog=="],

    "@biomejs/cli-darwin-arm64": ["@biomejs/cli-darwin-arm64@1.9.4", "", { "os": "darwin", "cpu": "arm64" }, "sha512-bFBsPWrNvkdKrNCYeAp+xo2HecOGPAy9WyNyB/jKnnedgzl4W4Hb9ZMzYNbf8dMCGmUdSavlYHiR01QaYR58cw=="],

    "@biomejs/cli-darwin-x64": ["@biomejs/cli-darwin-x64@1.9.4", "", { "os": "darwin", "cpu": "x64" }, "sha512-ngYBh/+bEedqkSevPVhLP4QfVPCpb+4BBe2p7Xs32dBgs7rh9nY2AIYUL6BgLw1JVXV8GlpKmb/hNiuIxfPfZg=="],

    "@biomejs/cli-linux-arm64": ["@biomejs/cli-linux-arm64@1.9.4", "", { "os": "linux", "cpu": "arm64" }, "sha512-fJIW0+LYujdjUgJJuwesP4EjIBl/N/TcOX3IvIHJQNsAqvV2CHIogsmA94BPG6jZATS4Hi+xv4SkBBQSt1N4/g=="],

    "@biomejs/cli-linux-arm64-musl": ["@biomejs/cli-linux-arm64-musl@1.9.4", "", { "os": "linux", "cpu": "arm64" }, "sha512-v665Ct9WCRjGa8+kTr0CzApU0+XXtRgwmzIf1SeKSGAv+2scAlW6JR5PMFo6FzqqZ64Po79cKODKf3/AAmECqA=="],

    "@biomejs/cli-linux-x64": ["@biomejs/cli-linux-x64@1.9.4", "", { "os": "linux", "cpu": "x64" }, "sha512-lRCJv/Vi3Vlwmbd6K+oQ0KhLHMAysN8lXoCI7XeHlxaajk06u7G+UsFSO01NAs5iYuWKmVZjmiOzJ0OJmGsMwg=="],

    "@biomejs/cli-linux-x64-musl": ["@biomejs/cli-linux-x64-musl@1.9.4", "", { "os": "linux", "cpu": "x64" }, "sha512-gEhi/jSBhZ2m6wjV530Yy8+fNqG8PAinM3oV7CyO+6c3CEh16Eizm21uHVsyVBEB6RIM8JHIl6AGYCv6Q6Q9Tg=="],

    "@biomejs/cli-win32-arm64": ["@biomejs/cli-win32-arm64@1.9.4", "", { "os": "win32", "cpu": "arm64" }, "sha512-tlbhLk+WXZmgwoIKwHIHEBZUwxml7bRJgk0X2sPyNR3S93cdRq6XulAZRQJ17FYGGzWne0fgrXBKpl7l4M87Hg=="],

    "@biomejs/cli-win32-x64": ["@biomejs/cli-win32-x64@1.9.4", "", { "os": "win32", "cpu": "x64" }, "sha512-8Y5wMhVIPaWe6jw2H+KlEm4wP/f7EW3810ZLmDlrEEy5KvBsb9ECEfu/kMWD484ijfQ8+nIi0giMgu9g1UAuuA=="],

    "@elysiajs/static": ["@elysiajs/static@1.2.0", "", { "dependencies": { "node-cache": "^5.1.2" }, "peerDependencies": { "elysia": ">= 1.2.0" } }, "sha512-oLpAi8c+maPpA0XhhK3BELaIjIG+nXg/K9p8cFfW4q5ayRD59a3MOMOOGgpiXZkHJzLPWcouhhyyLAYtaANW4g=="],

    "@fortawesome/fontawesome-common-types": ["@fortawesome/fontawesome-common-types@6.7.2", "", {}, "sha512-Zs+YeHUC5fkt7Mg1l6XTniei3k4bwG/yo3iFUtZWd/pMx9g3fdvkSK9E0FOC+++phXOka78uJcYb8JaFkW52Xg=="],

    "@fortawesome/fontawesome-svg-core": ["@fortawesome/fontawesome-svg-core@6.7.2", "", { "dependencies": { "@fortawesome/fontawesome-common-types": "6.7.2" } }, "sha512-yxtOBWDrdi5DD5o1pmVdq3WMCvnobT0LU6R8RyyVXPvFRd2o79/0NCuQoCjNTeZz9EzA9xS3JxNWfv54RIHFEA=="],

    "@fortawesome/free-solid-svg-icons": ["@fortawesome/free-solid-svg-icons@6.7.2", "", { "dependencies": { "@fortawesome/fontawesome-common-types": "6.7.2" } }, "sha512-GsBrnOzU8uj0LECDfD5zomZJIjrPhIlWU82AHwa2s40FKH+kcxQaBvBo3Z4TxyZHIyX8XTDxsyA33/Vx9eFuQA=="],

    "@module-federation/error-codes": ["@module-federation/error-codes@0.11.2", "", {}, "sha512-ik1Qnn0I+WyEdprTck9WGlH41vGsVdUg8cfO+ZM02qOb2cZm5Vu3SlxGAobj6g7uAj0g8yINnd7h7Dci40BxQA=="],

    "@module-federation/runtime": ["@module-federation/runtime@0.11.2", "", { "dependencies": { "@module-federation/error-codes": "0.11.2", "@module-federation/runtime-core": "0.11.2", "@module-federation/sdk": "0.11.2" } }, "sha512-Ya9u/L6z2LvhgpqxuKCB7LcigIIRf1BbaxAZIH7mzbq/A7rZtTP7v+73E433jvgiAlbAfPSZkeoYGele6hfRwA=="],

    "@module-federation/runtime-core": ["@module-federation/runtime-core@0.11.2", "", { "dependencies": { "@module-federation/error-codes": "0.11.2", "@module-federation/sdk": "0.11.2" } }, "sha512-dia5kKybi6MFU0s5PgglJwN27k7n9Sf69Cy5xZ4BWaP0qlaXTsxHKO0PECHNt2Pt8jDdyU29sQ4DwAQfxpnXJQ=="],

    "@module-federation/runtime-tools": ["@module-federation/runtime-tools@0.11.2", "", { "dependencies": { "@module-federation/runtime": "0.11.2", "@module-federation/webpack-bundler-runtime": "0.11.2" } }, "sha512-4MJTGAxVq6vxQRkTtTlH7Mm9AVqgn0X9kdu+7RsL7T/qU+jeYsbrntN2CWG3GVVA8r5JddXyTI1iJ0VXQZLV1w=="],

    "@module-federation/sdk": ["@module-federation/sdk@0.11.2", "", {}, "sha512-SBFe5xOamluT900J4AGBx+2/kCH/JbfqXoUwPSAC6PRzb8Y7LB0posnOGzmqYsLZXT37vp3d6AmJDsVoajDqxw=="],

    "@module-federation/webpack-bundler-runtime": ["@module-federation/webpack-bundler-runtime@0.11.2", "", { "dependencies": { "@module-federation/runtime": "0.11.2", "@module-federation/sdk": "0.11.2" } }, "sha512-WdwIE6QF+MKs/PdVu0cKPETF743JB9PZ62/qf7Uo3gU4fjsUMc37RnbJZ/qB60EaHHfjwp1v6NnhZw1r4eVsnw=="],

    "@rsbuild/core": ["@rsbuild/core@1.3.3", "", { "dependencies": { "@rspack/core": "1.3.2", "@rspack/lite-tapable": "~1.0.1", "@swc/helpers": "^0.5.15", "core-js": "~3.41.0", "jiti": "^2.4.2" }, "bin": { "rsbuild": "bin/rsbuild.js" } }, "sha512-1w/bvE6cVOYS7EMv7TI5i5BimDoqEt2T5nN89tC/BgouAnt1xKD0PeXKtuT9OE3xwuGt2iH1WEPLZz89b7tGcg=="],

    "@rspack/binding": ["@rspack/binding@1.3.2", "", { "optionalDependencies": { "@rspack/binding-darwin-arm64": "1.3.2", "@rspack/binding-darwin-x64": "1.3.2", "@rspack/binding-linux-arm64-gnu": "1.3.2", "@rspack/binding-linux-arm64-musl": "1.3.2", "@rspack/binding-linux-x64-gnu": "1.3.2", "@rspack/binding-linux-x64-musl": "1.3.2", "@rspack/binding-win32-arm64-msvc": "1.3.2", "@rspack/binding-win32-ia32-msvc": "1.3.2", "@rspack/binding-win32-x64-msvc": "1.3.2" } }, "sha512-QK+nHPDQGv16mBpJa5vULDrqDilgiFZ/BbGCZoCZRX373R9s0Doe6DBbty+RfTJwCsalF3r8X6MdWfy7UPu6Hw=="],

    "@rspack/binding-darwin-arm64": ["@rspack/binding-darwin-arm64@1.3.2", "", { "os": "darwin", "cpu": "arm64" }, "sha512-oeZvdHCY3XML8U6npof3b7uNVmNMTIRccPe2IDHlV1zk1MPfBzgrKOKmo1V8kqI43xAWET7CpAX9C+TjDDcy/g=="],

    "@rspack/binding-darwin-x64": ["@rspack/binding-darwin-x64@1.3.2", "", { "os": "darwin", "cpu": "x64" }, "sha512-V1IKH3I0uEf4vjou158amWgpAUz9MgGiFU09LgZS/hz1jYMTCi3Z791EEL4Gz6iqAixIZxtw6aYeotjRJ4Kyqg=="],

    "@rspack/binding-linux-arm64-gnu": ["@rspack/binding-linux-arm64-gnu@1.3.2", "", { "os": "linux", "cpu": "arm64" }, "sha512-nJzY+Ur6FxWM0xc+G2tY1TQu3s6qgolxXb5K2VLIDHSPqDAjqRc35ypQc9Tz3rUPb8HVh+X7YLIZxA0hE4eQOg=="],

    "@rspack/binding-linux-arm64-musl": ["@rspack/binding-linux-arm64-musl@1.3.2", "", { "os": "linux", "cpu": "arm64" }, "sha512-sRi77ccO/oOfyBNq3FgW2pDtXcgMzslLokOby8NpD/kv/SxtOE4ORoLZKzdJyGNh2WDPbtSwIDWPes2x4MKASQ=="],

    "@rspack/binding-linux-x64-gnu": ["@rspack/binding-linux-x64-gnu@1.3.2", "", { "os": "linux", "cpu": "x64" }, "sha512-KnrFQUj6SKJFGXqJW9Kgdv+mRGcPCirQesuwXtW+9YejT6MzLRRdJ4NDQdfcmfLZK9+ap+l73bLXAyMiIBZiOw=="],

    "@rspack/binding-linux-x64-musl": ["@rspack/binding-linux-x64-musl@1.3.2", "", { "os": "linux", "cpu": "x64" }, "sha512-ZcTl4LBgxp5Bfyu9x7NhYRAR4qWPwhhxzwXmiQ1ya7DsdqiYaiCr59dPQx7ZaExXckeHGly75B3aTn1II9Vexw=="],

    "@rspack/binding-win32-arm64-msvc": ["@rspack/binding-win32-arm64-msvc@1.3.2", "", { "os": "win32", "cpu": "arm64" }, "sha512-8volxqn9vps8XKj0DTRk/4d5TXL+vkaBRWF7CzzdfZYm/smvrdz2Iw7VmcACA7XaS41xqeTtrdq6CmaxC/4CFg=="],

    "@rspack/binding-win32-ia32-msvc": ["@rspack/binding-win32-ia32-msvc@1.3.2", "", { "os": "win32", "cpu": "ia32" }, "sha512-jTIiV4pt62xK3qNqI88F8rM+ynM36UmbZ8CRFqXRHdC+Cx/dUmk83IGQr9DNvjM7we7BxUm3Shmi1f0KyZrBKw=="],

    "@rspack/binding-win32-x64-msvc": ["@rspack/binding-win32-x64-msvc@1.3.2", "", { "os": "win32", "cpu": "x64" }, "sha512-DfQmL7LsqD7KEZv8/z0p6AkwQAGlv5fvl5X5z4bxyRc4JMvEPBxY8lW9iK5Hk66ECzERUI2HcQ0JbRD/e4oL8A=="],

    "@rspack/core": ["@rspack/core@1.3.2", "", { "dependencies": { "@module-federation/runtime-tools": "0.11.2", "@rspack/binding": "1.3.2", "@rspack/lite-tapable": "1.0.1", "caniuse-lite": "^1.0.30001707", "tinypool": "^1.0.2" }, "peerDependencies": { "@rspack/tracing": "^1.x", "@swc/helpers": ">=0.5.1" }, "optionalPeers": ["@rspack/tracing", "@swc/helpers"] }, "sha512-QbEn1SkNW3b89KTlSkp6OHdvw3DhpL6tSdDhsOlldw3LoRBy4fx80Z9W9lmg+g+8DjTAs1Z1ysElEFtAN69AZg=="],

    "@rspack/lite-tapable": ["@rspack/lite-tapable@1.0.1", "", {}, "sha512-VynGOEsVw2s8TAlLf/uESfrgfrq2+rcXB1muPJYBWbsm1Oa6r5qVQhjA5ggM6z/coYPrsVMgovl3Ff7Q7OCp1w=="],

    "@sinclair/typebox": ["@sinclair/typebox@0.34.33", "", {}, "sha512-5HAV9exOMcXRUxo+9iYB5n09XxzCXnfy4VTNW4xnDv+FgjzAGY989C28BIdljKqmF+ZltUwujE3aossvcVtq6g=="],

    "@swc/helpers": ["@swc/helpers@0.5.15", "", { "dependencies": { "tslib": "^2.8.0" } }, "sha512-JQ5TuMi45Owi4/BIMAJBoSQoOJu12oOk/gADqlcUL9JEdHB8vyjUSsxqeNXnmXHjYKMi2WcYtezGEEhqUI/E2g=="],

    "@types/hoist-non-react-statics": ["@types/hoist-non-react-statics@3.3.6", "", { "dependencies": { "@types/react": "*", "hoist-non-react-statics": "^3.3.0" } }, "sha512-lPByRJUer/iN/xa4qpyL0qmL11DqNW81iU/IG1S3uvRUq4oKagz8VCxZjiWkumgt66YT3vOdDgZ0o32sGKtCEw=="],

    "@types/react": ["@types/react@19.1.0", "", { "dependencies": { "csstype": "^3.0.2" } }, "sha512-UaicktuQI+9UKyA4njtDOGBD/67t8YEBt2xdfqu8+gP9hqPUPsiXlNPcpS2gVdjmis5GKPG3fCxbQLVgxsQZ8w=="],

    "@types/react-dom": ["@types/react-dom@19.1.1", "", { "peerDependencies": { "@types/react": "^19.0.0" } }, "sha512-jFf/woGTVTjUJsl2O7hcopJ1r0upqoq/vIOoCj0yLh3RIXxWcljlpuZ+vEBRXsymD1jhfeJrlyTy/S1UW+4y1w=="],

    "@types/react-redux": ["@types/react-redux@7.1.34", "", { "dependencies": { "@types/hoist-non-react-statics": "^3.3.0", "@types/react": "*", "hoist-non-react-statics": "^3.3.0", "redux": "^4.0.0" } }, "sha512-GdFaVjEbYv4Fthm2ZLvj1VSCedV7TqE5y1kNwnjSdBOTXuRSgowux6J8TAct15T3CKBr63UMk+2CO7ilRhyrAQ=="],

    "@types/reconnectingwebsocket": ["@types/reconnectingwebsocket@1.0.10", "", {}, "sha512-30Pq4D3o8BKcdY53dzr0elGFyB/ChYpGrHiRH/GuaZKXXGWq/CsD1QBEu1b8IgdHReOKpo9tjk80UaxSbuXoTQ=="],

    "@types/use-sync-external-store": ["@types/use-sync-external-store@0.0.6", "", {}, "sha512-zFDAD+tlpf2r4asuHEj0XH6pY6i0g5NeAHPn+15wk3BV6JA69eERFXC1gyGThDkVa1zCyKr5jox1+2LbV/AMLg=="],

    "@types/uuid": ["@types/uuid@10.0.0", "", {}, "sha512-7gqG38EyHgyP1S+7+xomFtL+ZNHcKv6DwNaCZmJmo1vgMugyF3TCnXVg4t1uk89mLNwnLtnY3TpOpCOyp1/xHQ=="],

    "caniuse-lite": ["caniuse-lite@1.0.30001709", "", {}, "sha512-NgL3vUTnDrPCZ3zTahp4fsugQ4dc7EKTSzwQDPEel6DMoMnfH2jhry9n2Zm8onbSR+f/QtKHFOA+iAQu4kbtWA=="],

    "chat-client": ["chat-client@workspace:client"],

    "chat-server": ["chat-server@workspace:server"],

    "clone": ["clone@2.1.2", "", {}, "sha512-3Pe/CF1Nn94hyhIYpjtiLhdCoEoz0DqQ+988E9gmeEdQZlojxnOb74wctFyuwWQHzqyf9X7C7MG8juUpqBJT8w=="],

    "cookie": ["cookie@1.0.2", "", {}, "sha512-9Kr/j4O16ISv8zBBhJoi4bXOYNTkFLOqSL3UDB0njXxCXNezjeyVrJyGOWtgfs/q2km1gwBcfH8q1yEGoMYunA=="],

    "core-js": ["core-js@3.41.0", "", {}, "sha512-SJ4/EHwS36QMJd6h/Rg+GyR4A5xE0FSI3eZ+iBVpfqf1x0eTSg1smWLHrA+2jQThZSh97fmSgFSU8B61nxosxA=="],

    "csstype": ["csstype@3.1.3", "", {}, "sha512-M1uQkMl8rQK/szD0LNhtqxIPLpimGm8sOBwU7lLnCpSbTyY3yeU1Vc7l4KT5zT4s/yOxHH5O7tIuuLOCnLADRw=="],

    "elysia": ["elysia@1.2.25", "", { "dependencies": { "@sinclair/typebox": "^0.34.27", "cookie": "^1.0.2", "memoirist": "^0.3.0", "openapi-types": "^12.1.3" }, "peerDependencies": { "typescript": ">= 5.0.0" }, "optionalPeers": ["typescript"] }, "sha512-WsdQpORJvb4uszzeqYT0lg97knw1iBW1NTzJ1Jm57tiHg+DfAotlWXYbjmvQ039ssV0fYELDHinLLoUazZkEHg=="],

    "hoist-non-react-statics": ["hoist-non-react-statics@3.3.2", "", { "dependencies": { "react-is": "^16.7.0" } }, "sha512-/gGivxi8JPKWNm/W0jSmzcMPpfpPLc3dY/6GxhX2hQ9iGj3aDfklV4ET7NjKpSinLpJ5vafa9iiGIEZg10SfBw=="],

    "jiti": ["jiti@2.4.2", "", { "bin": { "jiti": "lib/jiti-cli.mjs" } }, "sha512-rg9zJN+G4n2nfJl5MW3BMygZX56zKPNVEYYqq7adpmMh4Jn2QNEwhvQlFy6jPVdcod7txZtKHWnyZiA3a0zP7A=="],

    "js-base64": ["js-base64@3.7.7", "", {}, "sha512-7rCnleh0z2CkXhH67J8K1Ytz0b2Y+yxTPL+/KOJoa20hfnVQ/3/T6W/KflYI4bRHRagNeXeU2bkNGI3v1oS/lw=="],

    "memoirist": ["memoirist@0.3.0", "", {}, "sha512-wR+4chMgVPq+T6OOsk40u9Wlpw1Pjx66NMNiYxCQQ4EUJ7jDs3D9kTCeKdBOkvAiqXlHLVJlvYL01PvIJ1MPNg=="],

    "node-cache": ["node-cache@5.1.2", "", { "dependencies": { "clone": "2.x" } }, "sha512-t1QzWwnk4sjLWaQAS8CHgOJ+RAfmHpxFWmc36IWTiWHQfs0w5JDMBS1b1ZxQteo0vVVuWJvIUKHDkkeK7vIGCg=="],

    "normalize.css": ["normalize.css@8.0.1", "", {}, "sha512-qizSNPO93t1YUuUhP22btGOo3chcvDFqFaj2TRybP0DMxkHOCTYwp3n34fel4a31ORXy4m1Xq0Gyqpb5m33qIg=="],

    "openapi-types": ["openapi-types@12.1.3", "", {}, "sha512-N4YtSYJqghVu4iek2ZUvcN/0aqH1kRDuNqzcycDxhOUpg7GdvLa2F3DgS6yBNhInhv2r/6I0Flkn7CqL8+nIcw=="],

    "react": ["react@19.1.0", "", {}, "sha512-FS+XFBNvn3GTAWq26joslQgWNoFu08F4kl0J4CgdNKADkdSGXQyTCnKteIAJy96Br6YbpEU1LSzV5dYtjMkMDg=="],

    "react-dom": ["react-dom@19.1.0", "", { "dependencies": { "scheduler": "^0.26.0" }, "peerDependencies": { "react": "^19.1.0" } }, "sha512-Xs1hdnE+DyKgeHJeJznQmYMIBG3TKIHJJT95Q58nHLSrElKlGQqDTR2HQ9fx5CN/Gk6Vh/kupBTDLU11/nDk/g=="],

    "react-is": ["react-is@16.13.1", "", {}, "sha512-24e6ynE2H+OKt4kqsOvNd8kBpV65zoxbA4BVsEOB3ARVWQki/DHzaUoC5KuON/BiccDaCCTZBuOcfZs70kR8bQ=="],

    "react-redux": ["react-redux@9.2.0", "", { "dependencies": { "@types/use-sync-external-store": "^0.0.6", "use-sync-external-store": "^1.4.0" }, "peerDependencies": { "@types/react": "^18.2.25 || ^19", "react": "^18.0 || ^19", "redux": "^5.0.0" }, "optionalPeers": ["@types/react", "redux"] }, "sha512-ROY9fvHhwOD9ySfrF0wmvu//bKCQ6AeZZq1nJNtbDC+kk5DuSuNX/n6YWYF/SYy7bSba4D4FSz8DJeKY/S/r+g=="],

    "reconnectingwebsocket": ["reconnectingwebsocket@1.0.0", "", {}, "sha512-r7H/dwkkfBu9x5eMGIt8td5WLqNbqy675x8Xg0+SoXaUS3xzniVlmfO7t7HSYmN/ZGzYjOKa9G2W4xCgCo7Zlg=="],

    "redux": ["redux@5.0.1", "", {}, "sha512-M9/ELqF6fy8FwmkpnF0S3YKOqMyoWJ4+CS5Efg2ct3oY9daQvd/Pc71FpGZsVsbl3Cpb+IIcjBDUnnyBdQbq4w=="],

    "regenerator-runtime": ["regenerator-runtime@0.14.1", "", {}, "sha512-dYnhHh0nJoMfnkZs6GmmhFknAGRrLznOu5nc9ML+EJxGvrx6H7teuevqVqCuPcPK//3eDrrjQhehXVx9cnkGdw=="],

    "scheduler": ["scheduler@0.26.0", "", {}, "sha512-NlHwttCI/l5gCPR3D1nNXtWABUmBwvZpEQiD4IXSbIDq8BzLIK/7Ir5gTFSGZDUu37K5cMNp0hFtzO38sC7gWA=="],

    "tinypool": ["tinypool@1.0.2", "", {}, "sha512-al6n+QEANGFOMf/dmUMsuS5/r9B06uwlyNjZZql/zv8J7ybHCgoihBNORZCY2mzUuAnomQa2JdhyHKzZxPCrFA=="],

    "tslib": ["tslib@2.8.1", "", {}, "sha512-oJFu94HQb+KVduSUQL7wnpmqnfmLsOA/nAh6b6EH0wCEoK0/mPeXU6c3wKDV83MkOuHPRHtSXKKU99IBazS/2w=="],

    "typescript": ["typescript@5.8.2", "", { "bin": { "tsc": "bin/tsc", "tsserver": "bin/tsserver" } }, "sha512-aJn6wq13/afZp/jT9QZmwEjDqqvSGp1VT5GVg+f/t6/oVyrgXM6BY1h9BRh/O5p3PlUPAe+WuiEZOmb/49RqoQ=="],

    "use-sync-external-store": ["use-sync-external-store@1.5.0", "", { "peerDependencies": { "react": "^16.8.0 || ^17.0.0 || ^18.0.0 || ^19.0.0" } }, "sha512-Rb46I4cGGVBmjamjphe8L/UnvJD+uPPtTkNvX5mZgqdbavhI4EbgIWJiIHXJ8bc/i9EQGPRh4DwEURJ552Do0A=="],

    "uuid": ["uuid@11.1.0", "", { "bin": { "uuid": "dist/esm/bin/uuid" } }, "sha512-0/A9rDy9P7cJ+8w1c9WD9V//9Wj15Ce2MPz8Ri6032usz+NfePxx5AcN3bN+r6ZL6jEo066/yNYB3tn4pQEx+A=="],

    "@types/react-redux/redux": ["redux@4.2.1", "", { "dependencies": { "@babel/runtime": "^7.9.2" } }, "sha512-LAUYz4lc+Do8/g7aeRa8JkyDErK6ekstQaqWQrNRW//MY1TvCEpMtpTWvlQ+FPbWCx+Xixu/6SHt5N0HR+SB4w=="],
  }
}
